
Microsoft Visual Studio Solution File, Format Version 12.00
# Visual Studio Version 17
VisualStudioVersion = 17.0.31606.5
MinimumVisualStudioVersion = 10.0.40219.1
Project("{9A19103F-16F7-4668-BE54-9A1E7A4F7556}") = "Library", "Library\Library.csproj", "{87B7803A-DEC4-48BC-9B81-BA88ECA38BA7}"
EndProject
Project("{9A19103F-16F7-4668-BE54-9A1E7A4F7556}") = "WpfLibrary", "WpfLibrary\WpfLibrary.csproj", "{060721AE-1432-4DAB-A42E-6842B13019EB}"
EndProject
Project("{2150E333-8FDC-42A3-9474-1A3956D46DE8}") = "Tests", "Tests", "{A54916A1-AF48-44CE-B567-E0DA62359D69}"
EndProject
Project("{9A19103F-16F7-4668-BE54-9A1E7A4F7556}") = "LibraryTest", "Tests\LibraryTest\LibraryTest.csproj", "{8BBFEE09-5506-4A44-92D6-EFB1CD10C57E}"
EndProject
Global
	GlobalSection(SolutionConfigurationPlatforms) = preSolution
		Debug|Any CPU = Debug|Any CPU
		Release Infra|Any CPU = Release Infra|Any CPU
		Release|Any CPU = Release|Any CPU
	EndGlobalSection
	GlobalSection(ProjectConfigurationPlatforms) = postSolution
		{87B7803A-DEC4-48BC-9B81-BA88ECA38BA7}.Debug|Any CPU.ActiveCfg = Debug|Any CPU
		{87B7803A-DEC4-48BC-9B81-BA88ECA38BA7}.Debug|Any CPU.Build.0 = Debug|Any CPU
		{87B7803A-DEC4-48BC-9B81-BA88ECA38BA7}.Release Infra|Any CPU.ActiveCfg = Release Infra|Any CPU
		{87B7803A-DEC4-48BC-9B81-BA88ECA38BA7}.Release Infra|Any CPU.Build.0 = Release Infra|Any CPU
		{87B7803A-DEC4-48BC-9B81-BA88ECA38BA7}.Release|Any CPU.ActiveCfg = Release|Any CPU
		{87B7803A-DEC4-48BC-9B81-BA88ECA38BA7}.Release|Any CPU.Build.0 = Release|Any CPU
		{060721AE-1432-4DAB-A42E-6842B13019EB}.Debug|Any CPU.ActiveCfg = Debug|Any CPU
		{060721AE-1432-4DAB-A42E-6842B13019EB}.Debug|Any CPU.Build.0 = Debug|Any CPU
		{060721AE-1432-4DAB-A42E-6842B13019EB}.Release Infra|Any CPU.ActiveCfg = Release Infra|Any CPU
		{060721AE-1432-4DAB-A42E-6842B13019EB}.Release Infra|Any CPU.Build.0 = Release Infra|Any CPU
		{060721AE-1432-4DAB-A42E-6842B13019EB}.Release|Any CPU.ActiveCfg = Release|Any CPU
		{060721AE-1432-4DAB-A42E-6842B13019EB}.Release|Any CPU.Build.0 = Release|Any CPU
		{8BBFEE09-5506-4A44-92D6-EFB1CD10C57E}.Debug|Any CPU.ActiveCfg = Debug|Any CPU
		{8BBFEE09-5506-4A44-92D6-EFB1CD10C57E}.Debug|Any CPU.Build.0 = Debug|Any CPU
		{8BBFEE09-5506-4A44-92D6-EFB1CD10C57E}.Release Infra|Any CPU.ActiveCfg = Release Infra|Any CPU
		{8BBFEE09-5506-4A44-92D6-EFB1CD10C57E}.Release Infra|Any CPU.Build.0 = Release Infra|Any CPU
		{8BBFEE09-5506-4A44-92D6-EFB1CD10C57E}.Release|Any CPU.ActiveCfg = Release|Any CPU
		{8BBFEE09-5506-4A44-92D6-EFB1CD10C57E}.Release|Any CPU.Build.0 = Release|Any CPU
	EndGlobalSection
	GlobalSection(SolutionProperties) = preSolution
		HideSolutionNode = FALSE
	EndGlobalSection
	GlobalSection(NestedProjects) = preSolution
		{8BBFEE09-5506-4A44-92D6-EFB1CD10C57E} = {A54916A1-AF48-44CE-B567-E0DA62359D69}
	EndGlobalSection
	GlobalSection(ExtensibilityGlobals) = postSolution
		SolutionGuid = {E41C98D7-44FE-4CA3-8633-5DC69ACF816E}
	EndGlobalSection
EndGlobal
