
Microsoft Visual Studio Solution File, Format Version 12.00
# Visual Studio Version 17
VisualStudioVersion = 17.0.31606.5
MinimumVisualStudioVersion = 10.0.40219.1
Project("{9A19103F-16F7-4668-BE54-9A1E7A4F7556}") = "WebLib", "src\WebLib\WebLib.csproj", "{9D27B192-A3DB-4FA2-AFB1-942E0E2A8E7A}"
EndProject
Project("{9A19103F-16F7-4668-BE54-9A1E7A4F7556}") = "CqrsLib", "src\CqrsLib\CqrsLib.csproj", "{606B37DF-8ECC-405F-BA44-8B02707E1FE7}"
EndProject
Project("{9A19103F-16F7-4668-BE54-9A1E7A4F7556}") = "WpfLib", "src\WpfLib\WpfLib.csproj", "{DF2FA5D7-31A9-4296-9703-9AF6398ACEA5}"
EndProject
Project("{9A19103F-16F7-4668-BE54-9A1E7A4F7556}") = "CoreLib", "src\CoreLib\CoreLib.csproj", "{28AC04BB-51BD-4C5D-83A9-688D87917276}"
EndProject
Project("{2150E333-8FDC-42A3-9474-1A3956D46DE8}") = "items", "items", "{C3AC6F73-3D60-4E97-BA63-598C15E41B1E}"
	ProjectSection(SolutionItems) = preProject
		Directory.Packages.props = Directory.Packages.props
	EndProjectSection
EndProject
Project("{2150E333-8FDC-42A3-9474-1A3956D46DE8}") = "src", "src", "{1AA057DC-81A6-4147-8EBD-888FEED26EA0}"
EndProject
Project("{2150E333-8FDC-42A3-9474-1A3956D46DE8}") = "tests", "tests", "{14F557DA-B94E-4897-9DAC-02650A03B4FF}"
EndProject
Project("{9A19103F-16F7-4668-BE54-9A1E7A4F7556}") = "ConAppTest", "tests\TestConApp\ConAppTest.csproj", "{072560EE-D1CC-4BBA-97E1-F0F361D2CDC6}"
EndProject
Project("{6EC3EE1D-3C4E-46DD-8F32-0CC8E7565705}") = "FSharpConsoleApp", "tests\FSharpConsoleApp\FSharpConsoleApp.fsproj", "{6AD96F33-D98B-4DA2-970C-71BB7596A996}"
EndProject
Project("{9A19103F-16F7-4668-BE54-9A1E7A4F7556}") = "UnitTests", "tests\UnitTests\UnitTests.csproj", "{FC0B49D7-DE48-49FA-9A1F-93A8BDF89ADA}"
EndProject
Project("{9A19103F-16F7-4668-BE54-9A1E7A4F7556}") = "WpfAppTest", "tests\WpfAppTest\WpfAppTest.csproj", "{E190D1A9-2AF6-4D76-9940-19A17386DCFC}"
EndProject
Global
	GlobalSection(SolutionConfigurationPlatforms) = preSolution
		Debug|Any CPU = Debug|Any CPU
		Release|Any CPU = Release|Any CPU
	EndGlobalSection
	GlobalSection(ProjectConfigurationPlatforms) = postSolution
		{9D27B192-A3DB-4FA2-AFB1-942E0E2A8E7A}.Debug|Any CPU.ActiveCfg = Debug|Any CPU
		{9D27B192-A3DB-4FA2-AFB1-942E0E2A8E7A}.Debug|Any CPU.Build.0 = Debug|Any CPU
		{9D27B192-A3DB-4FA2-AFB1-942E0E2A8E7A}.Release|Any CPU.ActiveCfg = Release|Any CPU
		{9D27B192-A3DB-4FA2-AFB1-942E0E2A8E7A}.Release|Any CPU.Build.0 = Release|Any CPU
		{606B37DF-8ECC-405F-BA44-8B02707E1FE7}.Debug|Any CPU.ActiveCfg = Debug|Any CPU
		{606B37DF-8ECC-405F-BA44-8B02707E1FE7}.Debug|Any CPU.Build.0 = Debug|Any CPU
		{606B37DF-8ECC-405F-BA44-8B02707E1FE7}.Release|Any CPU.ActiveCfg = Release|Any CPU
		{606B37DF-8ECC-405F-BA44-8B02707E1FE7}.Release|Any CPU.Build.0 = Release|Any CPU
		{DF2FA5D7-31A9-4296-9703-9AF6398ACEA5}.Debug|Any CPU.ActiveCfg = Debug|Any CPU
		{DF2FA5D7-31A9-4296-9703-9AF6398ACEA5}.Debug|Any CPU.Build.0 = Debug|Any CPU
		{DF2FA5D7-31A9-4296-9703-9AF6398ACEA5}.Release|Any CPU.ActiveCfg = Release|Any CPU
		{DF2FA5D7-31A9-4296-9703-9AF6398ACEA5}.Release|Any CPU.Build.0 = Release|Any CPU
		{28AC04BB-51BD-4C5D-83A9-688D87917276}.Debug|Any CPU.ActiveCfg = Debug|Any CPU
		{28AC04BB-51BD-4C5D-83A9-688D87917276}.Debug|Any CPU.Build.0 = Debug|Any CPU
		{28AC04BB-51BD-4C5D-83A9-688D87917276}.Release|Any CPU.ActiveCfg = Release|Any CPU
		{28AC04BB-51BD-4C5D-83A9-688D87917276}.Release|Any CPU.Build.0 = Release|Any CPU
		{072560EE-D1CC-4BBA-97E1-F0F361D2CDC6}.Debug|Any CPU.ActiveCfg = Debug|Any CPU
		{072560EE-D1CC-4BBA-97E1-F0F361D2CDC6}.Debug|Any CPU.Build.0 = Debug|Any CPU
		{072560EE-D1CC-4BBA-97E1-F0F361D2CDC6}.Release|Any CPU.ActiveCfg = Release|Any CPU
		{072560EE-D1CC-4BBA-97E1-F0F361D2CDC6}.Release|Any CPU.Build.0 = Release|Any CPU
		{6AD96F33-D98B-4DA2-970C-71BB7596A996}.Debug|Any CPU.ActiveCfg = Debug|Any CPU
		{6AD96F33-D98B-4DA2-970C-71BB7596A996}.Debug|Any CPU.Build.0 = Debug|Any CPU
		{6AD96F33-D98B-4DA2-970C-71BB7596A996}.Release|Any CPU.ActiveCfg = Release|Any CPU
		{6AD96F33-D98B-4DA2-970C-71BB7596A996}.Release|Any CPU.Build.0 = Release|Any CPU
		{FC0B49D7-DE48-49FA-9A1F-93A8BDF89ADA}.Debug|Any CPU.ActiveCfg = Debug|Any CPU
		{FC0B49D7-DE48-49FA-9A1F-93A8BDF89ADA}.Debug|Any CPU.Build.0 = Debug|Any CPU
		{FC0B49D7-DE48-49FA-9A1F-93A8BDF89ADA}.Release|Any CPU.ActiveCfg = Release|Any CPU
		{FC0B49D7-DE48-49FA-9A1F-93A8BDF89ADA}.Release|Any CPU.Build.0 = Release|Any CPU
		{E190D1A9-2AF6-4D76-9940-19A17386DCFC}.Debug|Any CPU.ActiveCfg = Debug|Any CPU
		{E190D1A9-2AF6-4D76-9940-19A17386DCFC}.Debug|Any CPU.Build.0 = Debug|Any CPU
		{E190D1A9-2AF6-4D76-9940-19A17386DCFC}.Release|Any CPU.ActiveCfg = Release|Any CPU
		{E190D1A9-2AF6-4D76-9940-19A17386DCFC}.Release|Any CPU.Build.0 = Release|Any CPU
	EndGlobalSection
	GlobalSection(SolutionProperties) = preSolution
		HideSolutionNode = FALSE
	EndGlobalSection
	GlobalSection(NestedProjects) = preSolution
		{9D27B192-A3DB-4FA2-AFB1-942E0E2A8E7A} = {1AA057DC-81A6-4147-8EBD-888FEED26EA0}
		{606B37DF-8ECC-405F-BA44-8B02707E1FE7} = {1AA057DC-81A6-4147-8EBD-888FEED26EA0}
		{DF2FA5D7-31A9-4296-9703-9AF6398ACEA5} = {1AA057DC-81A6-4147-8EBD-888FEED26EA0}
		{28AC04BB-51BD-4C5D-83A9-688D87917276} = {1AA057DC-81A6-4147-8EBD-888FEED26EA0}
		{072560EE-D1CC-4BBA-97E1-F0F361D2CDC6} = {14F557DA-B94E-4897-9DAC-02650A03B4FF}
		{6AD96F33-D98B-4DA2-970C-71BB7596A996} = {14F557DA-B94E-4897-9DAC-02650A03B4FF}
		{FC0B49D7-DE48-49FA-9A1F-93A8BDF89ADA} = {14F557DA-B94E-4897-9DAC-02650A03B4FF}
		{E190D1A9-2AF6-4D76-9940-19A17386DCFC} = {14F557DA-B94E-4897-9DAC-02650A03B4FF}
	EndGlobalSection
	GlobalSection(ExtensibilityGlobals) = postSolution
		SolutionGuid = {E41C98D7-44FE-4CA3-8633-5DC69ACF816E}
	EndGlobalSection
EndGlobal
